{
    "version": 3,
    "terraform_version": "0.11.5",
    "serial": 7,
    "lineage": "cc93a5b1-a8f1-9e89-d982-aacdc1068461",
    "modules": [
        {
            "path": [
                "root"
            ],
            "outputs": {},
            "resources": {
                "aws_default_network_acl.user12_default": {
                    "type": "aws_default_network_acl",
                    "depends_on": [
                        "aws_subnet.private_1a",
                        "aws_subnet.public_1a",
                        "aws_vpc.user12-final"
                    ],
                    "primary": {
                        "id": "acl-0d5dbefd68ab23f34",
                        "attributes": {
                            "default_network_acl_id": "acl-0d5dbefd68ab23f34",
                            "egress.#": "1",
                            "egress.1401401844.action": "allow",
                            "egress.1401401844.cidr_block": "0.0.0.0/0",
                            "egress.1401401844.from_port": "0",
                            "egress.1401401844.icmp_code": "0",
                            "egress.1401401844.icmp_type": "0",
                            "egress.1401401844.ipv6_cidr_block": "",
                            "egress.1401401844.protocol": "-1",
                            "egress.1401401844.rule_no": "100",
                            "egress.1401401844.to_port": "0",
                            "id": "acl-0d5dbefd68ab23f34",
                            "ingress.#": "1",
                            "ingress.1401401844.action": "allow",
                            "ingress.1401401844.cidr_block": "0.0.0.0/0",
                            "ingress.1401401844.from_port": "0",
                            "ingress.1401401844.icmp_code": "0",
                            "ingress.1401401844.icmp_type": "0",
                            "ingress.1401401844.ipv6_cidr_block": "",
                            "ingress.1401401844.protocol": "-1",
                            "ingress.1401401844.rule_no": "100",
                            "ingress.1401401844.to_port": "0",
                            "owner_id": "715652651898",
                            "subnet_ids.#": "2",
                            "subnet_ids.215873366": "subnet-0c0595d72302039cd",
                            "subnet_ids.67389941": "subnet-05208798be09eab29",
                            "tags.%": "1",
                            "tags.Name": "user12-default",
                            "vpc_id": "vpc-0c455c2ac637aaedf"
                        },
                        "meta": {},
                        "tainted": false
                    },
                    "deposed": [],
                    "provider": "provider.aws"
                },
                "aws_eip.nat_user12-eip_1a": {
                    "type": "aws_eip",
                    "depends_on": [],
                    "primary": {
                        "id": "eipalloc-0cf24496e17f94d72",
                        "attributes": {
                            "association_id": "",
                            "domain": "vpc",
                            "id": "eipalloc-0cf24496e17f94d72",
                            "instance": "",
                            "network_interface": "",
                            "private_ip": "",
                            "public_dns": "ec2-13-114-178-46.ap-northeast-1.compute.amazonaws.com",
                            "public_ip": "13.114.178.46",
                            "public_ipv4_pool": "amazon",
                            "tags.%": "0",
                            "vpc": "true"
                        },
                        "meta": {
                            "e2bfb730-ecaa-11e6-8f88-34363bc7c4c0": {
                                "delete": 180000000000,
                                "read": 900000000000,
                                "update": 300000000000
                            }
                        },
                        "tainted": false
                    },
                    "deposed": [],
                    "provider": "provider.aws"
                },
                "aws_eip.nat_user12-eip_1c": {
                    "type": "aws_eip",
                    "depends_on": [],
                    "primary": {
                        "id": "eipalloc-095e6978ef6e52a34",
                        "attributes": {
                            "association_id": "",
                            "domain": "vpc",
                            "id": "eipalloc-095e6978ef6e52a34",
                            "instance": "",
                            "network_interface": "",
                            "private_ip": "",
                            "public_dns": "ec2-13-113-232-169.ap-northeast-1.compute.amazonaws.com",
                            "public_ip": "13.113.232.169",
                            "public_ipv4_pool": "amazon",
                            "tags.%": "0",
                            "vpc": "true"
                        },
                        "meta": {
                            "e2bfb730-ecaa-11e6-8f88-34363bc7c4c0": {
                                "delete": 180000000000,
                                "read": 900000000000,
                                "update": 300000000000
                            }
                        },
                        "tainted": false
                    },
                    "deposed": [],
                    "provider": "provider.aws"
                },
                "aws_internet_gateway.user12-ig": {
                    "type": "aws_internet_gateway",
                    "depends_on": [
                        "aws_vpc.user12-final"
                    ],
                    "primary": {
                        "id": "igw-0c4eae6cb4429c7c0",
                        "attributes": {
                            "id": "igw-0c4eae6cb4429c7c0",
                            "owner_id": "715652651898",
                            "tags.%": "1",
                            "tags.Name": "user12-ig",
                            "vpc_id": "vpc-0c455c2ac637aaedf"
                        },
                        "meta": {},
                        "tainted": false
                    },
                    "deposed": [],
                    "provider": "provider.aws"
                },
                "aws_route_table.user12-private_1a": {
                    "type": "aws_route_table",
                    "depends_on": [
                        "aws_internet_gateway.user12-ig",
                        "aws_vpc.user12-final"
                    ],
                    "primary": {
                        "id": "rtb-07735e09ac92846be",
                        "attributes": {
                            "id": "rtb-07735e09ac92846be",
                            "owner_id": "715652651898",
                            "propagating_vgws.#": "0",
                            "route.#": "1",
                            "route.2325645071.cidr_block": "0.0.0.0/0",
                            "route.2325645071.egress_only_gateway_id": "",
                            "route.2325645071.gateway_id": "igw-0c4eae6cb4429c7c0",
                            "route.2325645071.instance_id": "",
                            "route.2325645071.ipv6_cidr_block": "",
                            "route.2325645071.nat_gateway_id": "",
                            "route.2325645071.network_interface_id": "",
                            "route.2325645071.transit_gateway_id": "",
                            "route.2325645071.vpc_peering_connection_id": "",
                            "tags.%": "1",
                            "tags.Name": "user12-private-1a",
                            "vpc_id": "vpc-0c455c2ac637aaedf"
                        },
                        "meta": {},
                        "tainted": false
                    },
                    "deposed": [],
                    "provider": "provider.aws"
                },
                "aws_route_table.user12-public_1a": {
                    "type": "aws_route_table",
                    "depends_on": [
                        "aws_internet_gateway.user12-ig",
                        "aws_vpc.user12-final"
                    ],
                    "primary": {
                        "id": "rtb-060e43be44ab74b99",
                        "attributes": {
                            "id": "rtb-060e43be44ab74b99",
                            "owner_id": "715652651898",
                            "propagating_vgws.#": "0",
                            "route.#": "1",
                            "route.2325645071.cidr_block": "0.0.0.0/0",
                            "route.2325645071.egress_only_gateway_id": "",
                            "route.2325645071.gateway_id": "igw-0c4eae6cb4429c7c0",
                            "route.2325645071.instance_id": "",
                            "route.2325645071.ipv6_cidr_block": "",
                            "route.2325645071.nat_gateway_id": "",
                            "route.2325645071.network_interface_id": "",
                            "route.2325645071.transit_gateway_id": "",
                            "route.2325645071.vpc_peering_connection_id": "",
                            "tags.%": "1",
                            "tags.Name": "user12-public-1a",
                            "vpc_id": "vpc-0c455c2ac637aaedf"
                        },
                        "meta": {},
                        "tainted": false
                    },
                    "deposed": [],
                    "provider": "provider.aws"
                },
                "aws_route_table_association.user12-private_1a": {
                    "type": "aws_route_table_association",
                    "depends_on": [
                        "aws_route_table.user12-private_1a",
                        "aws_subnet.private_1a"
                    ],
                    "primary": {
                        "id": "rtbassoc-078b6f37f298bf169",
                        "attributes": {
                            "id": "rtbassoc-078b6f37f298bf169",
                            "route_table_id": "rtb-07735e09ac92846be",
                            "subnet_id": "subnet-0c0595d72302039cd"
                        },
                        "meta": {},
                        "tainted": false
                    },
                    "deposed": [],
                    "provider": "provider.aws"
                },
                "aws_route_table_association.user12-public_1a": {
                    "type": "aws_route_table_association",
                    "depends_on": [
                        "aws_route_table.user12-public_1a",
                        "aws_subnet.public_1a"
                    ],
                    "primary": {
                        "id": "rtbassoc-0769f11c53f6bd533",
                        "attributes": {
                            "id": "rtbassoc-0769f11c53f6bd533",
                            "route_table_id": "rtb-060e43be44ab74b99",
                            "subnet_id": "subnet-05208798be09eab29"
                        },
                        "meta": {},
                        "tainted": false
                    },
                    "deposed": [],
                    "provider": "provider.aws"
                },
                "aws_subnet.private_1a": {
                    "type": "aws_subnet",
                    "depends_on": [
                        "aws_vpc.user12-final"
                    ],
                    "primary": {
                        "id": "subnet-0c0595d72302039cd",
                        "attributes": {
                            "arn": "arn:aws:ec2:ap-northeast-1:715652651898:subnet/subnet-0c0595d72302039cd",
                            "assign_ipv6_address_on_creation": "false",
                            "availability_zone": "ap-northeast-1a",
                            "availability_zone_id": "apne1-az4",
                            "cidr_block": "112.0.2.0/24",
                            "id": "subnet-0c0595d72302039cd",
                            "ipv6_cidr_block": "",
                            "ipv6_cidr_block_association_id": "",
                            "map_public_ip_on_launch": "false",
                            "owner_id": "715652651898",
                            "tags.%": "1",
                            "tags.Name": "user12-private-1a",
                            "vpc_id": "vpc-0c455c2ac637aaedf"
                        },
                        "meta": {
                            "e2bfb730-ecaa-11e6-8f88-34363bc7c4c0": {
                                "create": 600000000000,
                                "delete": 1200000000000
                            },
                            "schema_version": "1"
                        },
                        "tainted": false
                    },
                    "deposed": [],
                    "provider": "provider.aws"
                },
                "aws_subnet.public_1a": {
                    "type": "aws_subnet",
                    "depends_on": [
                        "aws_vpc.user12-final"
                    ],
                    "primary": {
                        "id": "subnet-05208798be09eab29",
                        "attributes": {
                            "arn": "arn:aws:ec2:ap-northeast-1:715652651898:subnet/subnet-05208798be09eab29",
                            "assign_ipv6_address_on_creation": "false",
                            "availability_zone": "ap-northeast-1a",
                            "availability_zone_id": "apne1-az4",
                            "cidr_block": "112.0.1.0/24",
                            "id": "subnet-05208798be09eab29",
                            "ipv6_cidr_block": "",
                            "ipv6_cidr_block_association_id": "",
                            "map_public_ip_on_launch": "false",
                            "owner_id": "715652651898",
                            "tags.%": "1",
                            "tags.Name": "user12-public-1a",
                            "vpc_id": "vpc-0c455c2ac637aaedf"
                        },
                        "meta": {
                            "e2bfb730-ecaa-11e6-8f88-34363bc7c4c0": {
                                "create": 600000000000,
                                "delete": 1200000000000
                            },
                            "schema_version": "1"
                        },
                        "tainted": false
                    },
                    "deposed": [],
                    "provider": "provider.aws"
                },
                "aws_vpc.user12-final": {
                    "type": "aws_vpc",
                    "depends_on": [],
                    "primary": {
                        "id": "vpc-0c455c2ac637aaedf",
                        "attributes": {
                            "arn": "arn:aws:ec2:ap-northeast-1:715652651898:vpc/vpc-0c455c2ac637aaedf",
                            "assign_generated_ipv6_cidr_block": "false",
                            "cidr_block": "112.0.0.0/16",
                            "default_network_acl_id": "acl-0d5dbefd68ab23f34",
                            "default_route_table_id": "rtb-0f36aca997af4d423",
                            "default_security_group_id": "sg-0e00752f68bfa3bf7",
                            "dhcp_options_id": "dopt-0d9c2be86ee4efa1b",
                            "enable_classiclink": "false",
                            "enable_classiclink_dns_support": "false",
                            "enable_dns_hostnames": "true",
                            "enable_dns_support": "true",
                            "id": "vpc-0c455c2ac637aaedf",
                            "instance_tenancy": "default",
                            "ipv6_association_id": "",
                            "ipv6_cidr_block": "",
                            "main_route_table_id": "rtb-0f36aca997af4d423",
                            "owner_id": "715652651898",
                            "tags.%": "1",
                            "tags.Name": "user12-final"
                        },
                        "meta": {
                            "schema_version": "1"
                        },
                        "tainted": false
                    },
                    "deposed": [],
                    "provider": "provider.aws"
                }
            },
            "depends_on": []
        }
    ]
}
